
Microsoft Visual Studio Solution File, Format Version 12.00
# Visual Studio Version 17
VisualStudioVersion = 17.11.35208.52
MinimumVisualStudioVersion = 10.0.40219.1
Project("{FAE04EC0-301F-11D3-BF4B-00C04F79EFBC}") = "Lab14", "Lab14\Lab14.csproj", "{19C0E462-6C97-4AFC-A2C1-D3730B7F3C83}"
EndProject
Project("{FAE04EC0-301F-11D3-BF4B-00C04F79EFBC}") = "ExceptionDemo", "Exception\ExceptionDemo.csproj", "{A8C8C52D-593E-4832-92AA-33343A8C625D}"
EndProject
Project("{FAE04EC0-301F-11D3-BF4B-00C04F79EFBC}") = "EmployeeDemo", "EmployeeDemo\EmployeeDemo.csproj", "{7897331C-CC90-48C3-BB68-06072D2A8256}"
EndProject
Global
	GlobalSection(SolutionConfigurationPlatforms) = preSolution
		Debug|Any CPU = Debug|Any CPU
		Release|Any CPU = Release|Any CPU
	EndGlobalSection
	GlobalSection(ProjectConfigurationPlatforms) = postSolution
		{19C0E462-6C97-4AFC-A2C1-D3730B7F3C83}.Debug|Any CPU.ActiveCfg = Debug|Any CPU
		{19C0E462-6C97-4AFC-A2C1-D3730B7F3C83}.Debug|Any CPU.Build.0 = Debug|Any CPU
		{19C0E462-6C97-4AFC-A2C1-D3730B7F3C83}.Release|Any CPU.ActiveCfg = Release|Any CPU
		{19C0E462-6C97-4AFC-A2C1-D3730B7F3C83}.Release|Any CPU.Build.0 = Release|Any CPU
		{A8C8C52D-593E-4832-92AA-33343A8C625D}.Debug|Any CPU.ActiveCfg = Debug|Any CPU
		{A8C8C52D-593E-4832-92AA-33343A8C625D}.Debug|Any CPU.Build.0 = Debug|Any CPU
		{A8C8C52D-593E-4832-92AA-33343A8C625D}.Release|Any CPU.ActiveCfg = Release|Any CPU
		{A8C8C52D-593E-4832-92AA-33343A8C625D}.Release|Any CPU.Build.0 = Release|Any CPU
		{7897331C-CC90-48C3-BB68-06072D2A8256}.Debug|Any CPU.ActiveCfg = Debug|Any CPU
		{7897331C-CC90-48C3-BB68-06072D2A8256}.Debug|Any CPU.Build.0 = Debug|Any CPU
		{7897331C-CC90-48C3-BB68-06072D2A8256}.Release|Any CPU.ActiveCfg = Release|Any CPU
		{7897331C-CC90-48C3-BB68-06072D2A8256}.Release|Any CPU.Build.0 = Release|Any CPU
	EndGlobalSection
	GlobalSection(SolutionProperties) = preSolution
		HideSolutionNode = FALSE
	EndGlobalSection
	GlobalSection(ExtensibilityGlobals) = postSolution
		SolutionGuid = {3362F456-A53F-4876-A984-3DDBE2237BC5}
	EndGlobalSection
EndGlobal
