
Microsoft Visual Studio Solution File, Format Version 12.00
# Visual Studio Version 17
VisualStudioVersion = 17.13.35818.85 d17.13
MinimumVisualStudioVersion = 10.0.40219.1
Project("{FAE04EC0-301F-11D3-BF4B-00C04F79EFBC}") = "Dapper", "Dapper\Dapper.csproj", "{01606515-2491-488A-BA2A-72F8D7107A6B}"
EndProject
Global
	GlobalSection(SolutionConfigurationPlatforms) = preSolution
		Debug|Any CPU = Debug|Any CPU
		Release|Any CPU = Release|Any CPU
	EndGlobalSection
	GlobalSection(ProjectConfigurationPlatforms) = postSolution
		{01606515-2491-488A-BA2A-72F8D7107A6B}.Debug|Any CPU.ActiveCfg = Debug|Any CPU
		{01606515-2491-488A-BA2A-72F8D7107A6B}.Debug|Any CPU.Build.0 = Debug|Any CPU
		{01606515-2491-488A-BA2A-72F8D7107A6B}.Release|Any CPU.ActiveCfg = Release|Any CPU
		{01606515-2491-488A-BA2A-72F8D7107A6B}.Release|Any CPU.Build.0 = Release|Any CPU
	EndGlobalSection
	GlobalSection(SolutionProperties) = preSolution
		HideSolutionNode = FALSE
	EndGlobalSection
	GlobalSection(ExtensibilityGlobals) = postSolution
		SolutionGuid = {1AAB170A-CEEF-434A-9A0E-465A61CB6528}
	EndGlobalSection
EndGlobal
